
Microsoft Visual Studio Solution File, Format Version 12.00
# Visual Studio Version 17
VisualStudioVersion = 17.10.35027.167
MinimumVisualStudioVersion = 10.0.40219.1
Project("{FAE04EC0-301F-11D3-BF4B-00C04F79EFBC}") = "Helena-Minimal", "Helena-Minimal\Helena-Minimal.csproj", "{047A0F1F-2DF9-488D-BE51-25BFC0AE7FA9}"
EndProject
Global
	GlobalSection(SolutionConfigurationPlatforms) = preSolution
		Debug|Any CPU = Debug|Any CPU
		Release|Any CPU = Release|Any CPU
	EndGlobalSection
	GlobalSection(ProjectConfigurationPlatforms) = postSolution
		{047A0F1F-2DF9-488D-BE51-25BFC0AE7FA9}.Debug|Any CPU.ActiveCfg = Debug|Any CPU
		{047A0F1F-2DF9-488D-BE51-25BFC0AE7FA9}.Debug|Any CPU.Build.0 = Debug|Any CPU
		{047A0F1F-2DF9-488D-BE51-25BFC0AE7FA9}.Release|Any CPU.ActiveCfg = Release|Any CPU
		{047A0F1F-2DF9-488D-BE51-25BFC0AE7FA9}.Release|Any CPU.Build.0 = Release|Any CPU
	EndGlobalSection
	GlobalSection(SolutionProperties) = preSolution
		HideSolutionNode = FALSE
	EndGlobalSection
	GlobalSection(ExtensibilityGlobals) = postSolution
		SolutionGuid = {6DBD0073-BB4C-469C-882E-422C32C89DF6}
	EndGlobalSection
EndGlobal
